// !$*UTF8*$!
{
	archiveVersion = 1;
	classes = {
	};
	objectVersion = 56;
	objects = {

/* Begin PBXBuildFile section */
		9EAD8DBE2C78A1A300CA256C /* swift_complete_appApp.swift in Sources */ = {isa = PBXBuildFile; fileRef = 9EAD8DBD2C78A1A300CA256C /* swift_complete_appApp.swift */; };
		9EAD8DC02C78A1A300CA256C /* ContentView.swift in Sources */ = {isa = PBXBuildFile; fileRef = 9EAD8DBF2C78A1A300CA256C /* ContentView.swift */; };
		9EAD8DC22C78A1A800CA256C /* Assets.xcassets in Resources */ = {isa = PBXBuildFile; fileRef = 9EAD8DC12C78A1A800CA256C /* Assets.xcassets */; };
		9EAD8DC52C78A1A800CA256C /* Preview Assets.xcassets in Resources */ = {isa = PBXBuildFile; fileRef = 9EAD8DC42C78A1A800CA256C /* Preview Assets.xcassets */; };
		9EAD8DCF2C78A1A900CA256C /* swift_complete_appTests.swift in Sources */ = {isa = PBXBuildFile; fileRef = 9EAD8DCE2C78A1A900CA256C /* swift_complete_appTests.swift */; };
		9EAD8DD92C78A1A900CA256C /* swift_complete_appUITests.swift in Sources */ = {isa = PBXBuildFile; fileRef = 9EAD8DD82C78A1A900CA256C /* swift_complete_appUITests.swift */; };
		9EAD8DDB2C78A1A900CA256C /* swift_complete_appUITestsLaunchTests.swift in Sources */ = {isa = PBXBuildFile; fileRef = 9EAD8DDA2C78A1A900CA256C /* swift_complete_appUITestsLaunchTests.swift */; };
		9EAD8DE92C78A49600CA256C /* WalletConnect in Frameworks */ = {isa = PBXBuildFile; productRef = 9EAD8DE82C78A49600CA256C /* WalletConnect */; };
		9EAD8DEB2C78A49600CA256C /* WalletConnectAuth in Frameworks */ = {isa = PBXBuildFile; productRef = 9EAD8DEA2C78A49600CA256C /* WalletConnectAuth */; };
		9EAD8DED2C78A49600CA256C /* WalletConnectChat in Frameworks */ = {isa = PBXBuildFile; productRef = 9EAD8DEC2C78A49600CA256C /* WalletConnectChat */; };
		9EAD8DEF2C78A49600CA256C /* WalletConnectEcho in Frameworks */ = {isa = PBXBuildFile; productRef = 9EAD8DEE2C78A49600CA256C /* WalletConnectEcho */; };
		9EAD8DF12C78A49600CA256C /* WalletConnectNetworking in Frameworks */ = {isa = PBXBuildFile; productRef = 9EAD8DF02C78A49600CA256C /* WalletConnectNetworking */; };
		9EAD8DF82C78A7D100CA256C /* SplashView.swift in Sources */ = {isa = PBXBuildFile; fileRef = 9EAD8DF72C78A7D100CA256C /* SplashView.swift */; };
		9EAD8DFB2C78ABED00CA256C /* Kingfisher in Frameworks */ = {isa = PBXBuildFile; productRef = 9EAD8DFA2C78ABED00CA256C /* Kingfisher */; };
		9EAD8E0A2C78B4DA00CA256C /* AppTabBarView.swift in Sources */ = {isa = PBXBuildFile; fileRef = 9EAD8E092C78B4D900CA256C /* AppTabBarView.swift */; };
		9EAD8E0F2C78B8E000CA256C /* CardView.swift in Sources */ = {isa = PBXBuildFile; fileRef = 9EAD8E0E2C78B8E000CA256C /* CardView.swift */; };
/* End PBXBuildFile section */

/* Begin PBXContainerItemProxy section */
		9EAD8DCB2C78A1A900CA256C /* PBXContainerItemProxy */ = {
			isa = PBXContainerItemProxy;
			containerPortal = 9EAD8DB22C78A1A300CA256C /* Project object */;
			proxyType = 1;
			remoteGlobalIDString = 9EAD8DB92C78A1A300CA256C;
			remoteInfo = "swift-complete-app";
		};
		9EAD8DD52C78A1A900CA256C /* PBXContainerItemProxy */ = {
			isa = PBXContainerItemProxy;
			containerPortal = 9EAD8DB22C78A1A300CA256C /* Project object */;
			proxyType = 1;
			remoteGlobalIDString = 9EAD8DB92C78A1A300CA256C;
			remoteInfo = "swift-complete-app";
		};
/* End PBXContainerItemProxy section */

/* Begin PBXFileReference section */
		9EAD8DBA2C78A1A300CA256C /* swift-complete-app.app */ = {isa = PBXFileReference; explicitFileType = wrapper.application; includeInIndex = 0; path = "swift-complete-app.app"; sourceTree = BUILT_PRODUCTS_DIR; };
		9EAD8DBD2C78A1A300CA256C /* swift_complete_appApp.swift */ = {isa = PBXFileReference; lastKnownFileType = sourcecode.swift; path = swift_complete_appApp.swift; sourceTree = "<group>"; };
		9EAD8DBF2C78A1A300CA256C /* ContentView.swift */ = {isa = PBXFileReference; lastKnownFileType = sourcecode.swift; path = ContentView.swift; sourceTree = "<group>"; };
		9EAD8DC12C78A1A800CA256C /* Assets.xcassets */ = {isa = PBXFileReference; lastKnownFileType = folder.assetcatalog; path = Assets.xcassets; sourceTree = "<group>"; };
		9EAD8DC42C78A1A800CA256C /* Preview Assets.xcassets */ = {isa = PBXFileReference; lastKnownFileType = folder.assetcatalog; path = "Preview Assets.xcassets"; sourceTree = "<group>"; };
		9EAD8DCA2C78A1A900CA256C /* swift-complete-appTests.xctest */ = {isa = PBXFileReference; explicitFileType = wrapper.cfbundle; includeInIndex = 0; path = "swift-complete-appTests.xctest"; sourceTree = BUILT_PRODUCTS_DIR; };
		9EAD8DCE2C78A1A900CA256C /* swift_complete_appTests.swift */ = {isa = PBXFileReference; lastKnownFileType = sourcecode.swift; path = swift_complete_appTests.swift; sourceTree = "<group>"; };
		9EAD8DD42C78A1A900CA256C /* swift-complete-appUITests.xctest */ = {isa = PBXFileReference; explicitFileType = wrapper.cfbundle; includeInIndex = 0; path = "swift-complete-appUITests.xctest"; sourceTree = BUILT_PRODUCTS_DIR; };
		9EAD8DD82C78A1A900CA256C /* swift_complete_appUITests.swift */ = {isa = PBXFileReference; lastKnownFileType = sourcecode.swift; path = swift_complete_appUITests.swift; sourceTree = "<group>"; };
		9EAD8DDA2C78A1A900CA256C /* swift_complete_appUITestsLaunchTests.swift */ = {isa = PBXFileReference; lastKnownFileType = sourcecode.swift; path = swift_complete_appUITestsLaunchTests.swift; sourceTree = "<group>"; };
		9EAD8DF72C78A7D100CA256C /* SplashView.swift */ = {isa = PBXFileReference; lastKnownFileType = sourcecode.swift; path = SplashView.swift; sourceTree = "<group>"; };
		9EAD8E092C78B4D900CA256C /* AppTabBarView.swift */ = {isa = PBXFileReference; lastKnownFileType = sourcecode.swift; path = AppTabBarView.swift; sourceTree = "<group>"; };
		9EAD8E0E2C78B8E000CA256C /* CardView.swift */ = {isa = PBXFileReference; lastKnownFileType = sourcecode.swift; path = CardView.swift; sourceTree = "<group>"; };
/* End PBXFileReference section */

/* Begin PBXFrameworksBuildPhase section */
		9EAD8DB72C78A1A300CA256C /* Frameworks */ = {
			isa = PBXFrameworksBuildPhase;
			buildActionMask = 2147483647;
			files = (
				9EAD8DFB2C78ABED00CA256C /* Kingfisher in Frameworks */,
				9EAD8DEB2C78A49600CA256C /* WalletConnectAuth in Frameworks */,
				9EAD8DE92C78A49600CA256C /* WalletConnect in Frameworks */,
				9EAD8DED2C78A49600CA256C /* WalletConnectChat in Frameworks */,
				9EAD8DEF2C78A49600CA256C /* WalletConnectEcho in Frameworks */,
				9EAD8DF12C78A49600CA256C /* WalletConnectNetworking in Frameworks */,
			);
			runOnlyForDeploymentPostprocessing = 0;
		};
		9EAD8DC72C78A1A900CA256C /* Frameworks */ = {
			isa = PBXFrameworksBuildPhase;
			buildActionMask = 2147483647;
			files = (
			);
			runOnlyForDeploymentPostprocessing = 0;
		};
		9EAD8DD12C78A1A900CA256C /* Frameworks */ = {
			isa = PBXFrameworksBuildPhase;
			buildActionMask = 2147483647;
			files = (
			);
			runOnlyForDeploymentPostprocessing = 0;
		};
/* End PBXFrameworksBuildPhase section */

/* Begin PBXGroup section */
		9EAD8DB12C78A1A300CA256C = {
			isa = PBXGroup;
			children = (
				9EAD8DBC2C78A1A300CA256C /* swift-complete-app */,
				9EAD8DCD2C78A1A900CA256C /* swift-complete-appTests */,
				9EAD8DD72C78A1A900CA256C /* swift-complete-appUITests */,
				9EAD8DBB2C78A1A300CA256C /* Products */,
			);
			sourceTree = "<group>";
		};
		9EAD8DBB2C78A1A300CA256C /* Products */ = {
			isa = PBXGroup;
			children = (
				9EAD8DBA2C78A1A300CA256C /* swift-complete-app.app */,
				9EAD8DCA2C78A1A900CA256C /* swift-complete-appTests.xctest */,
				9EAD8DD42C78A1A900CA256C /* swift-complete-appUITests.xctest */,
			);
			name = Products;
			sourceTree = "<group>";
		};
		9EAD8DBC2C78A1A300CA256C /* swift-complete-app */ = {
			isa = PBXGroup;
			children = (
				9EAD8DFE2C78B25200CA256C /* Utils */,
				9EAD8DFD2C78B24400CA256C /* Extensions */,
				9EAD8DFC2C78B23900CA256C /* Shared */,
				9EAD8DF42C78A7B100CA256C /* Core */,
				9EAD8DF22C78A79E00CA256C /* App */,
				9EAD8DBF2C78A1A300CA256C /* ContentView.swift */,
				9EAD8DC12C78A1A800CA256C /* Assets.xcassets */,
				9EAD8DC32C78A1A800CA256C /* Preview Content */,
			);
			path = "swift-complete-app";
			sourceTree = "<group>";
		};
		9EAD8DC32C78A1A800CA256C /* Preview Content */ = {
			isa = PBXGroup;
			children = (
				9EAD8DC42C78A1A800CA256C /* Preview Assets.xcassets */,
			);
			path = "Preview Content";
			sourceTree = "<group>";
		};
		9EAD8DCD2C78A1A900CA256C /* swift-complete-appTests */ = {
			isa = PBXGroup;
			children = (
				9EAD8DCE2C78A1A900CA256C /* swift_complete_appTests.swift */,
			);
			path = "swift-complete-appTests";
			sourceTree = "<group>";
		};
		9EAD8DD72C78A1A900CA256C /* swift-complete-appUITests */ = {
			isa = PBXGroup;
			children = (
				9EAD8DD82C78A1A900CA256C /* swift_complete_appUITests.swift */,
				9EAD8DDA2C78A1A900CA256C /* swift_complete_appUITestsLaunchTests.swift */,
			);
			path = "swift-complete-appUITests";
			sourceTree = "<group>";
		};
		9EAD8DF22C78A79E00CA256C /* App */ = {
			isa = PBXGroup;
			children = (
				9EAD8DBD2C78A1A300CA256C /* swift_complete_appApp.swift */,
			);
			path = App;
			sourceTree = "<group>";
		};
		9EAD8DF42C78A7B100CA256C /* Core */ = {
			isa = PBXGroup;
			children = (
				9EAD8E0B2C78B8BF00CA256C /* Card */,
				9EAD8E072C78B34D00CA256C /* Search */,
				9EAD8E032C78B31100CA256C /* Home */,
				9EAD8E012C78B30500CA256C /* TabBar */,
				9EAD8DFF2C78B2F700CA256C /* Profile */,
				9EAD8DF52C78A7B800CA256C /* Splash */,
			);
			path = Core;
			sourceTree = "<group>";
		};
		9EAD8DF52C78A7B800CA256C /* Splash */ = {
			isa = PBXGroup;
			children = (
				9EAD8DF62C78A7BF00CA256C /* Views */,
			);
			path = Splash;
			sourceTree = "<group>";
		};
		9EAD8DF62C78A7BF00CA256C /* Views */ = {
			isa = PBXGroup;
			children = (
				9EAD8DF72C78A7D100CA256C /* SplashView.swift */,
			);
			path = Views;
			sourceTree = "<group>";
		};
		9EAD8DFC2C78B23900CA256C /* Shared */ = {
			isa = PBXGroup;
			children = (
			);
			path = Shared;
			sourceTree = "<group>";
		};
		9EAD8DFD2C78B24400CA256C /* Extensions */ = {
			isa = PBXGroup;
			children = (
			);
			path = Extensions;
			sourceTree = "<group>";
		};
		9EAD8DFE2C78B25200CA256C /* Utils */ = {
			isa = PBXGroup;
			children = (
			);
			path = Utils;
			sourceTree = "<group>";
		};
		9EAD8DFF2C78B2F700CA256C /* Profile */ = {
			isa = PBXGroup;
			children = (
				9EAD8E002C78B30100CA256C /* Views */,
			);
			path = Profile;
			sourceTree = "<group>";
		};
		9EAD8E002C78B30100CA256C /* Views */ = {
			isa = PBXGroup;
			children = (
			);
			path = Views;
			sourceTree = "<group>";
		};
		9EAD8E012C78B30500CA256C /* TabBar */ = {
			isa = PBXGroup;
			children = (
				9EAD8E022C78B30E00CA256C /* Views */,
			);
			path = TabBar;
			sourceTree = "<group>";
		};
		9EAD8E022C78B30E00CA256C /* Views */ = {
			isa = PBXGroup;
			children = (
				9EAD8E092C78B4D900CA256C /* AppTabBarView.swift */,
			);
			path = Views;
			sourceTree = "<group>";
		};
		9EAD8E032C78B31100CA256C /* Home */ = {
			isa = PBXGroup;
			children = (
				9EAD8E042C78B32E00CA256C /* Views */,
			);
			path = Home;
			sourceTree = "<group>";
		};
		9EAD8E042C78B32E00CA256C /* Views */ = {
			isa = PBXGroup;
			children = (
			);
			path = Views;
			sourceTree = "<group>";
		};
		9EAD8E072C78B34D00CA256C /* Search */ = {
			isa = PBXGroup;
			children = (
				9EAD8E082C78B35100CA256C /* Views */,
			);
			path = Search;
			sourceTree = "<group>";
		};
		9EAD8E082C78B35100CA256C /* Views */ = {
			isa = PBXGroup;
			children = (
			);
			path = Views;
			sourceTree = "<group>";
		};
		9EAD8E0B2C78B8BF00CA256C /* Card */ = {
			isa = PBXGroup;
			children = (
				9EAD8E0C2C78B8CB00CA256C /* Views */,
			);
			path = Card;
			sourceTree = "<group>";
		};
		9EAD8E0C2C78B8CB00CA256C /* Views */ = {
			isa = PBXGroup;
			children = (
				9EAD8E0E2C78B8E000CA256C /* CardView.swift */,
			);
			path = Views;
			sourceTree = "<group>";
		};
/* End PBXGroup section */

/* Begin PBXNativeTarget section */
		9EAD8DB92C78A1A300CA256C /* swift-complete-app */ = {
			isa = PBXNativeTarget;
			buildConfigurationList = 9EAD8DDE2C78A1A900CA256C /* Build configuration list for PBXNativeTarget "swift-complete-app" */;
			buildPhases = (
				9EAD8DB62C78A1A300CA256C /* Sources */,
				9EAD8DB72C78A1A300CA256C /* Frameworks */,
				9EAD8DB82C78A1A300CA256C /* Resources */,
			);
			buildRules = (
			);
			dependencies = (
			);
			name = "swift-complete-app";
			packageProductDependencies = (
				9EAD8DE82C78A49600CA256C /* WalletConnect */,
				9EAD8DEA2C78A49600CA256C /* WalletConnectAuth */,
				9EAD8DEC2C78A49600CA256C /* WalletConnectChat */,
				9EAD8DEE2C78A49600CA256C /* WalletConnectEcho */,
				9EAD8DF02C78A49600CA256C /* WalletConnectNetworking */,
				9EAD8DFA2C78ABED00CA256C /* Kingfisher */,
			);
			productName = "swift-complete-app";
			productReference = 9EAD8DBA2C78A1A300CA256C /* swift-complete-app.app */;
			productType = "com.apple.product-type.application";
		};
		9EAD8DC92C78A1A900CA256C /* swift-complete-appTests */ = {
			isa = PBXNativeTarget;
			buildConfigurationList = 9EAD8DE12C78A1A900CA256C /* Build configuration list for PBXNativeTarget "swift-complete-appTests" */;
			buildPhases = (
				9EAD8DC62C78A1A900CA256C /* Sources */,
				9EAD8DC72C78A1A900CA256C /* Frameworks */,
				9EAD8DC82C78A1A900CA256C /* Resources */,
			);
			buildRules = (
			);
			dependencies = (
				9EAD8DCC2C78A1A900CA256C /* PBXTargetDependency */,
			);
			name = "swift-complete-appTests";
			productName = "swift-complete-appTests";
			productReference = 9EAD8DCA2C78A1A900CA256C /* swift-complete-appTests.xctest */;
			productType = "com.apple.product-type.bundle.unit-test";
		};
		9EAD8DD32C78A1A900CA256C /* swift-complete-appUITests */ = {
			isa = PBXNativeTarget;
			buildConfigurationList = 9EAD8DE42C78A1A900CA256C /* Build configuration list for PBXNativeTarget "swift-complete-appUITests" */;
			buildPhases = (
				9EAD8DD02C78A1A900CA256C /* Sources */,
				9EAD8DD12C78A1A900CA256C /* Frameworks */,
				9EAD8DD22C78A1A900CA256C /* Resources */,
			);
			buildRules = (
			);
			dependencies = (
				9EAD8DD62C78A1A900CA256C /* PBXTargetDependency */,
			);
			name = "swift-complete-appUITests";
			productName = "swift-complete-appUITests";
			productReference = 9EAD8DD42C78A1A900CA256C /* swift-complete-appUITests.xctest */;
			productType = "com.apple.product-type.bundle.ui-testing";
		};
/* End PBXNativeTarget section */

/* Begin PBXProject section */
		9EAD8DB22C78A1A300CA256C /* Project object */ = {
			isa = PBXProject;
			attributes = {
				BuildIndependentTargetsInParallel = 1;
				LastSwiftUpdateCheck = 1530;
				LastUpgradeCheck = 1530;
				TargetAttributes = {
					9EAD8DB92C78A1A300CA256C = {
						CreatedOnToolsVersion = 15.3;
					};
					9EAD8DC92C78A1A900CA256C = {
						CreatedOnToolsVersion = 15.3;
						TestTargetID = 9EAD8DB92C78A1A300CA256C;
					};
					9EAD8DD32C78A1A900CA256C = {
						CreatedOnToolsVersion = 15.3;
						TestTargetID = 9EAD8DB92C78A1A300CA256C;
					};
				};
			};
			buildConfigurationList = 9EAD8DB52C78A1A300CA256C /* Build configuration list for PBXProject "swift-complete-app" */;
			compatibilityVersion = "Xcode 14.0";
			developmentRegion = en;
			hasScannedForEncodings = 0;
			knownRegions = (
				en,
				Base,
			);
			mainGroup = 9EAD8DB12C78A1A300CA256C;
			packageReferences = (
				9EAD8DE72C78A49600CA256C /* XCRemoteSwiftPackageReference "WalletConnectSwiftV2" */,
				9EAD8DF92C78ABED00CA256C /* XCRemoteSwiftPackageReference "Kingfisher" */,
			);
			productRefGroup = 9EAD8DBB2C78A1A300CA256C /* Products */;
			projectDirPath = "";
			projectRoot = "";
			targets = (
				9EAD8DB92C78A1A300CA256C /* swift-complete-app */,
				9EAD8DC92C78A1A900CA256C /* swift-complete-appTests */,
				9EAD8DD32C78A1A900CA256C /* swift-complete-appUITests */,
			);
		};
/* End PBXProject section */

/* Begin PBXResourcesBuildPhase section */
		9EAD8DB82C78A1A300CA256C /* Resources */ = {
			isa = PBXResourcesBuildPhase;
			buildActionMask = 2147483647;
			files = (
				9EAD8DC52C78A1A800CA256C /* Preview Assets.xcassets in Resources */,
				9EAD8DC22C78A1A800CA256C /* Assets.xcassets in Resources */,
			);
			runOnlyForDeploymentPostprocessing = 0;
		};
		9EAD8DC82C78A1A900CA256C /* Resources */ = {
			isa = PBXResourcesBuildPhase;
			buildActionMask = 2147483647;
			files = (
			);
			runOnlyForDeploymentPostprocessing = 0;
		};
		9EAD8DD22C78A1A900CA256C /* Resources */ = {
			isa = PBXResourcesBuildPhase;
			buildActionMask = 2147483647;
			files = (
			);
			runOnlyForDeploymentPostprocessing = 0;
		};
/* End PBXResourcesBuildPhase section */

/* Begin PBXSourcesBuildPhase section */
		9EAD8DB62C78A1A300CA256C /* Sources */ = {
			isa = PBXSourcesBuildPhase;
			buildActionMask = 2147483647;
			files = (
				9EAD8DC02C78A1A300CA256C /* ContentView.swift in Sources */,
				9EAD8DBE2C78A1A300CA256C /* swift_complete_appApp.swift in Sources */,
				9EAD8E0A2C78B4DA00CA256C /* AppTabBarView.swift in Sources */,
				9EAD8DF82C78A7D100CA256C /* SplashView.swift in Sources */,
				9EAD8E0F2C78B8E000CA256C /* CardView.swift in Sources */,
			);
			runOnlyForDeploymentPostprocessing = 0;
		};
		9EAD8DC62C78A1A900CA256C /* Sources */ = {
			isa = PBXSourcesBuildPhase;
			buildActionMask = 2147483647;
			files = (
				9EAD8DCF2C78A1A900CA256C /* swift_complete_appTests.swift in Sources */,
			);
			runOnlyForDeploymentPostprocessing = 0;
		};
		9EAD8DD02C78A1A900CA256C /* Sources */ = {
			isa = PBXSourcesBuildPhase;
			buildActionMask = 2147483647;
			files = (
				9EAD8DD92C78A1A900CA256C /* swift_complete_appUITests.swift in Sources */,
				9EAD8DDB2C78A1A900CA256C /* swift_complete_appUITestsLaunchTests.swift in Sources */,
			);
			runOnlyForDeploymentPostprocessing = 0;
		};
/* End PBXSourcesBuildPhase section */

/* Begin PBXTargetDependency section */
		9EAD8DCC2C78A1A900CA256C /* PBXTargetDependency */ = {
			isa = PBXTargetDependency;
			target = 9EAD8DB92C78A1A300CA256C /* swift-complete-app */;
			targetProxy = 9EAD8DCB2C78A1A900CA256C /* PBXContainerItemProxy */;
		};
		9EAD8DD62C78A1A900CA256C /* PBXTargetDependency */ = {
			isa = PBXTargetDependency;
			target = 9EAD8DB92C78A1A300CA256C /* swift-complete-app */;
			targetProxy = 9EAD8DD52C78A1A900CA256C /* PBXContainerItemProxy */;
		};
/* End PBXTargetDependency section */

/* Begin XCBuildConfiguration section */
		9EAD8DDC2C78A1A900CA256C /* Debug */ = {
			isa = XCBuildConfiguration;
			buildSettings = {
				ALWAYS_SEARCH_USER_PATHS = NO;
				ASSETCATALOG_COMPILER_GENERATE_SWIFT_ASSET_SYMBOL_EXTENSIONS = YES;
				CLANG_ANALYZER_NONNULL = YES;
				CLANG_ANALYZER_NUMBER_OBJECT_CONVERSION = YES_AGGRESSIVE;
				CLANG_CXX_LANGUAGE_STANDARD = "gnu++20";
				CLANG_ENABLE_MODULES = YES;
				CLANG_ENABLE_OBJC_ARC = YES;
				CLANG_ENABLE_OBJC_WEAK = YES;
				CLANG_WARN_BLOCK_CAPTURE_AUTORELEASING = YES;
				CLANG_WARN_BOOL_CONVERSION = YES;
				CLANG_WARN_COMMA = YES;
				CLANG_WARN_CONSTANT_CONVERSION = YES;
				CLANG_WARN_DEPRECATED_OBJC_IMPLEMENTATIONS = YES;
				CLANG_WARN_DIRECT_OBJC_ISA_USAGE = YES_ERROR;
				CLANG_WARN_DOCUMENTATION_COMMENTS = YES;
				CLANG_WARN_EMPTY_BODY = YES;
				CLANG_WARN_ENUM_CONVERSION = YES;
				CLANG_WARN_INFINITE_RECURSION = YES;
				CLANG_WARN_INT_CONVERSION = YES;
				CLANG_WARN_NON_LITERAL_NULL_CONVERSION = YES;
				CLANG_WARN_OBJC_IMPLICIT_RETAIN_SELF = YES;
				CLANG_WARN_OBJC_LITERAL_CONVERSION = YES;
				CLANG_WARN_OBJC_ROOT_CLASS = YES_ERROR;
				CLANG_WARN_QUOTED_INCLUDE_IN_FRAMEWORK_HEADER = YES;
				CLANG_WARN_RANGE_LOOP_ANALYSIS = YES;
				CLANG_WARN_STRICT_PROTOTYPES = YES;
				CLANG_WARN_SUSPICIOUS_MOVE = YES;
				CLANG_WARN_UNGUARDED_AVAILABILITY = YES_AGGRESSIVE;
				CLANG_WARN_UNREACHABLE_CODE = YES;
				CLANG_WARN__DUPLICATE_METHOD_MATCH = YES;
				COPY_PHASE_STRIP = NO;
				DEBUG_INFORMATION_FORMAT = dwarf;
				ENABLE_STRICT_OBJC_MSGSEND = YES;
				ENABLE_TESTABILITY = YES;
				ENABLE_USER_SCRIPT_SANDBOXING = YES;
				GCC_C_LANGUAGE_STANDARD = gnu17;
				GCC_DYNAMIC_NO_PIC = NO;
				GCC_NO_COMMON_BLOCKS = YES;
				GCC_OPTIMIZATION_LEVEL = 0;
				GCC_PREPROCESSOR_DEFINITIONS = (
					"DEBUG=1",
					"$(inherited)",
				);
				GCC_WARN_64_TO_32_BIT_CONVERSION = YES;
				GCC_WARN_ABOUT_RETURN_TYPE = YES_ERROR;
				GCC_WARN_UNDECLARED_SELECTOR = YES;
				GCC_WARN_UNINITIALIZED_AUTOS = YES_AGGRESSIVE;
				GCC_WARN_UNUSED_FUNCTION = YES;
				GCC_WARN_UNUSED_VARIABLE = YES;
				IPHONEOS_DEPLOYMENT_TARGET = 17.4;
				LOCALIZATION_PREFERS_STRING_CATALOGS = YES;
				MTL_ENABLE_DEBUG_INFO = INCLUDE_SOURCE;
				MTL_FAST_MATH = YES;
				ONLY_ACTIVE_ARCH = YES;
				SDKROOT = iphoneos;
				SWIFT_ACTIVE_COMPILATION_CONDITIONS = "DEBUG $(inherited)";
				SWIFT_OPTIMIZATION_LEVEL = "-Onone";
			};
			name = Debug;
		};
		9EAD8DDD2C78A1A900CA256C /* Release */ = {
			isa = XCBuildConfiguration;
			buildSettings = {
				ALWAYS_SEARCH_USER_PATHS = NO;
				ASSETCATALOG_COMPILER_GENERATE_SWIFT_ASSET_SYMBOL_EXTENSIONS = YES;
				CLANG_ANALYZER_NONNULL = YES;
				CLANG_ANALYZER_NUMBER_OBJECT_CONVERSION = YES_AGGRESSIVE;
				CLANG_CXX_LANGUAGE_STANDARD = "gnu++20";
				CLANG_ENABLE_MODULES = YES;
				CLANG_ENABLE_OBJC_ARC = YES;
				CLANG_ENABLE_OBJC_WEAK = YES;
				CLANG_WARN_BLOCK_CAPTURE_AUTORELEASING = YES;
				CLANG_WARN_BOOL_CONVERSION = YES;
				CLANG_WARN_COMMA = YES;
				CLANG_WARN_CONSTANT_CONVERSION = YES;
				CLANG_WARN_DEPRECATED_OBJC_IMPLEMENTATIONS = YES;
				CLANG_WARN_DIRECT_OBJC_ISA_USAGE = YES_ERROR;
				CLANG_WARN_DOCUMENTATION_COMMENTS = YES;
				CLANG_WARN_EMPTY_BODY = YES;
				CLANG_WARN_ENUM_CONVERSION = YES;
				CLANG_WARN_INFINITE_RECURSION = YES;
				CLANG_WARN_INT_CONVERSION = YES;
				CLANG_WARN_NON_LITERAL_NULL_CONVERSION = YES;
				CLANG_WARN_OBJC_IMPLICIT_RETAIN_SELF = YES;
				CLANG_WARN_OBJC_LITERAL_CONVERSION = YES;
				CLANG_WARN_OBJC_ROOT_CLASS = YES_ERROR;
				CLANG_WARN_QUOTED_INCLUDE_IN_FRAMEWORK_HEADER = YES;
				CLANG_WARN_RANGE_LOOP_ANALYSIS = YES;
				CLANG_WARN_STRICT_PROTOTYPES = YES;
				CLANG_WARN_SUSPICIOUS_MOVE = YES;
				CLANG_WARN_UNGUARDED_AVAILABILITY = YES_AGGRESSIVE;
				CLANG_WARN_UNREACHABLE_CODE = YES;
				CLANG_WARN__DUPLICATE_METHOD_MATCH = YES;
				COPY_PHASE_STRIP = NO;
				DEBUG_INFORMATION_FORMAT = "dwarf-with-dsym";
				ENABLE_NS_ASSERTIONS = NO;
				ENABLE_STRICT_OBJC_MSGSEND = YES;
				ENABLE_USER_SCRIPT_SANDBOXING = YES;
				GCC_C_LANGUAGE_STANDARD = gnu17;
				GCC_NO_COMMON_BLOCKS = YES;
				GCC_WARN_64_TO_32_BIT_CONVERSION = YES;
				GCC_WARN_ABOUT_RETURN_TYPE = YES_ERROR;
				GCC_WARN_UNDECLARED_SELECTOR = YES;
				GCC_WARN_UNINITIALIZED_AUTOS = YES_AGGRESSIVE;
				GCC_WARN_UNUSED_FUNCTION = YES;
				GCC_WARN_UNUSED_VARIABLE = YES;
				IPHONEOS_DEPLOYMENT_TARGET = 17.4;
				LOCALIZATION_PREFERS_STRING_CATALOGS = YES;
				MTL_ENABLE_DEBUG_INFO = NO;
				MTL_FAST_MATH = YES;
				SDKROOT = iphoneos;
				SWIFT_COMPILATION_MODE = wholemodule;
				VALIDATE_PRODUCT = YES;
			};
			name = Release;
		};
		9EAD8DDF2C78A1A900CA256C /* Debug */ = {
			isa = XCBuildConfiguration;
			buildSettings = {
				ASSETCATALOG_COMPILER_APPICON_NAME = AppIcon;
				ASSETCATALOG_COMPILER_GLOBAL_ACCENT_COLOR_NAME = AccentColor;
				CODE_SIGN_STYLE = Automatic;
				CURRENT_PROJECT_VERSION = 1;
				DEVELOPMENT_ASSET_PATHS = "\"swift-complete-app/Preview Content\"";
				DEVELOPMENT_TEAM = VN473AYG7Z;
				ENABLE_PREVIEWS = YES;
				GENERATE_INFOPLIST_FILE = YES;
				INFOPLIST_KEY_UIApplicationSceneManifest_Generation = YES;
				INFOPLIST_KEY_UIApplicationSupportsIndirectInputEvents = YES;
				INFOPLIST_KEY_UILaunchScreen_Generation = YES;
				INFOPLIST_KEY_UISupportedInterfaceOrientations_iPad = "UIInterfaceOrientationPortrait UIInterfaceOrientationPortraitUpsideDown UIInterfaceOrientationLandscapeLeft UIInterfaceOrientationLandscapeRight";
				INFOPLIST_KEY_UISupportedInterfaceOrientations_iPhone = "UIInterfaceOrientationPortrait UIInterfaceOrientationLandscapeLeft UIInterfaceOrientationLandscapeRight";
				LD_RUNPATH_SEARCH_PATHS = (
					"$(inherited)",
					"@executable_path/Frameworks",
				);
				MARKETING_VERSION = 1.0;
				PRODUCT_BUNDLE_IDENTIFIER = "com.itpofy.swift-complete-app";
				PRODUCT_NAME = "$(TARGET_NAME)";
				SWIFT_EMIT_LOC_STRINGS = YES;
				SWIFT_VERSION = 5.0;
				TARGETED_DEVICE_FAMILY = "1,2";
			};
			name = Debug;
		};
		9EAD8DE02C78A1A900CA256C /* Release */ = {
			isa = XCBuildConfiguration;
			buildSettings = {
				ASSETCATALOG_COMPILER_APPICON_NAME = AppIcon;
				ASSETCATALOG_COMPILER_GLOBAL_ACCENT_COLOR_NAME = AccentColor;
				CODE_SIGN_STYLE = Automatic;
				CURRENT_PROJECT_VERSION = 1;
				DEVELOPMENT_ASSET_PATHS = "\"swift-complete-app/Preview Content\"";
				DEVELOPMENT_TEAM = VN473AYG7Z;
				ENABLE_PREVIEWS = YES;
				GENERATE_INFOPLIST_FILE = YES;
				INFOPLIST_KEY_UIApplicationSceneManifest_Generation = YES;
				INFOPLIST_KEY_UIApplicationSupportsIndirectInputEvents = YES;
				INFOPLIST_KEY_UILaunchScreen_Generation = YES;
				INFOPLIST_KEY_UISupportedInterfaceOrientations_iPad = "UIInterfaceOrientationPortrait UIInterfaceOrientationPortraitUpsideDown UIInterfaceOrientationLandscapeLeft UIInterfaceOrientationLandscapeRight";
				INFOPLIST_KEY_UISupportedInterfaceOrientations_iPhone = "UIInterfaceOrientationPortrait UIInterfaceOrientationLandscapeLeft UIInterfaceOrientationLandscapeRight";
				LD_RUNPATH_SEARCH_PATHS = (
					"$(inherited)",
					"@executable_path/Frameworks",
				);
				MARKETING_VERSION = 1.0;
				PRODUCT_BUNDLE_IDENTIFIER = "com.itpofy.swift-complete-app";
				PRODUCT_NAME = "$(TARGET_NAME)";
				SWIFT_EMIT_LOC_STRINGS = YES;
				SWIFT_VERSION = 5.0;
				TARGETED_DEVICE_FAMILY = "1,2";
			};
			name = Release;
		};
		9EAD8DE22C78A1A900CA256C /* Debug */ = {
			isa = XCBuildConfiguration;
			buildSettings = {
				ALWAYS_EMBED_SWIFT_STANDARD_LIBRARIES = YES;
				BUNDLE_LOADER = "$(TEST_HOST)";
				CODE_SIGN_STYLE = Automatic;
				CURRENT_PROJECT_VERSION = 1;
				DEVELOPMENT_TEAM = VN473AYG7Z;
				GENERATE_INFOPLIST_FILE = YES;
				IPHONEOS_DEPLOYMENT_TARGET = 17.4;
				MARKETING_VERSION = 1.0;
				PRODUCT_BUNDLE_IDENTIFIER = "com.itpofy.swift-complete-appTests";
				PRODUCT_NAME = "$(TARGET_NAME)";
				SWIFT_EMIT_LOC_STRINGS = NO;
				SWIFT_VERSION = 5.0;
				TARGETED_DEVICE_FAMILY = "1,2";
				TEST_HOST = "$(BUILT_PRODUCTS_DIR)/swift-complete-app.app/$(BUNDLE_EXECUTABLE_FOLDER_PATH)/swift-complete-app";
			};
			name = Debug;
		};
		9EAD8DE32C78A1A900CA256C /* Release */ = {
			isa = XCBuildConfiguration;
			buildSettings = {
				ALWAYS_EMBED_SWIFT_STANDARD_LIBRARIES = YES;
				BUNDLE_LOADER = "$(TEST_HOST)";
				CODE_SIGN_STYLE = Automatic;
				CURRENT_PROJECT_VERSION = 1;
				DEVELOPMENT_TEAM = VN473AYG7Z;
				GENERATE_INFOPLIST_FILE = YES;
				IPHONEOS_DEPLOYMENT_TARGET = 17.4;
				MARKETING_VERSION = 1.0;
				PRODUCT_BUNDLE_IDENTIFIER = "com.itpofy.swift-complete-appTests";
				PRODUCT_NAME = "$(TARGET_NAME)";
				SWIFT_EMIT_LOC_STRINGS = NO;
				SWIFT_VERSION = 5.0;
				TARGETED_DEVICE_FAMILY = "1,2";
				TEST_HOST = "$(BUILT_PRODUCTS_DIR)/swift-complete-app.app/$(BUNDLE_EXECUTABLE_FOLDER_PATH)/swift-complete-app";
			};
			name = Release;
		};
		9EAD8DE52C78A1A900CA256C /* Debug */ = {
			isa = XCBuildConfiguration;
			buildSettings = {
				ALWAYS_EMBED_SWIFT_STANDARD_LIBRARIES = YES;
				CODE_SIGN_STYLE = Automatic;
				CURRENT_PROJECT_VERSION = 1;
				DEVELOPMENT_TEAM = VN473AYG7Z;
				GENERATE_INFOPLIST_FILE = YES;
				MARKETING_VERSION = 1.0;
				PRODUCT_BUNDLE_IDENTIFIER = "com.itpofy.swift-complete-appUITests";
				PRODUCT_NAME = "$(TARGET_NAME)";
				SWIFT_EMIT_LOC_STRINGS = NO;
				SWIFT_VERSION = 5.0;
				TARGETED_DEVICE_FAMILY = "1,2";
				TEST_TARGET_NAME = "swift-complete-app";
			};
			name = Debug;
		};
		9EAD8DE62C78A1A900CA256C /* Release */ = {
			isa = XCBuildConfiguration;
			buildSettings = {
				ALWAYS_EMBED_SWIFT_STANDARD_LIBRARIES = YES;
				CODE_SIGN_STYLE = Automatic;
				CURRENT_PROJECT_VERSION = 1;
				DEVELOPMENT_TEAM = VN473AYG7Z;
				GENERATE_INFOPLIST_FILE = YES;
				MARKETING_VERSION = 1.0;
				PRODUCT_BUNDLE_IDENTIFIER = "com.itpofy.swift-complete-appUITests";
				PRODUCT_NAME = "$(TARGET_NAME)";
				SWIFT_EMIT_LOC_STRINGS = NO;
				SWIFT_VERSION = 5.0;
				TARGETED_DEVICE_FAMILY = "1,2";
				TEST_TARGET_NAME = "swift-complete-app";
			};
			name = Release;
		};
/* End XCBuildConfiguration section */

/* Begin XCConfigurationList section */
		9EAD8DB52C78A1A300CA256C /* Build configuration list for PBXProject "swift-complete-app" */ = {
			isa = XCConfigurationList;
			buildConfigurations = (
				9EAD8DDC2C78A1A900CA256C /* Debug */,
				9EAD8DDD2C78A1A900CA256C /* Release */,
			);
			defaultConfigurationIsVisible = 0;
			defaultConfigurationName = Release;
		};
		9EAD8DDE2C78A1A900CA256C /* Build configuration list for PBXNativeTarget "swift-complete-app" */ = {
			isa = XCConfigurationList;
			buildConfigurations = (
				9EAD8DDF2C78A1A900CA256C /* Debug */,
				9EAD8DE02C78A1A900CA256C /* Release */,
			);
			defaultConfigurationIsVisible = 0;
			defaultConfigurationName = Release;
		};
		9EAD8DE12C78A1A900CA256C /* Build configuration list for PBXNativeTarget "swift-complete-appTests" */ = {
			isa = XCConfigurationList;
			buildConfigurations = (
				9EAD8DE22C78A1A900CA256C /* Debug */,
				9EAD8DE32C78A1A900CA256C /* Release */,
			);
			defaultConfigurationIsVisible = 0;
			defaultConfigurationName = Release;
		};
		9EAD8DE42C78A1A900CA256C /* Build configuration list for PBXNativeTarget "swift-complete-appUITests" */ = {
			isa = XCConfigurationList;
			buildConfigurations = (
				9EAD8DE52C78A1A900CA256C /* Debug */,
				9EAD8DE62C78A1A900CA256C /* Release */,
			);
			defaultConfigurationIsVisible = 0;
			defaultConfigurationName = Release;
		};
/* End XCConfigurationList section */

/* Begin XCRemoteSwiftPackageReference section */
		9EAD8DE72C78A49600CA256C /* XCRemoteSwiftPackageReference "WalletConnectSwiftV2" */ = {
			isa = XCRemoteSwiftPackageReference;
			repositoryURL = "https://github.com/WalletConnect/WalletConnectSwiftV2";
			requirement = {
				kind = upToNextMajorVersion;
				minimumVersion = 6.6.6;
			};
		};
		9EAD8DF92C78ABED00CA256C /* XCRemoteSwiftPackageReference "Kingfisher" */ = {
			isa = XCRemoteSwiftPackageReference;
			repositoryURL = "https://github.com/onevcat/Kingfisher.git";
			requirement = {
				kind = upToNextMajorVersion;
				minimumVersion = 7.12.0;
			};
		};
/* End XCRemoteSwiftPackageReference section */

/* Begin XCSwiftPackageProductDependency section */
		9EAD8DE82C78A49600CA256C /* WalletConnect */ = {
			isa = XCSwiftPackageProductDependency;
			package = 9EAD8DE72C78A49600CA256C /* XCRemoteSwiftPackageReference "WalletConnectSwiftV2" */;
			productName = WalletConnect;
		};
		9EAD8DEA2C78A49600CA256C /* WalletConnectAuth */ = {
			isa = XCSwiftPackageProductDependency;
			package = 9EAD8DE72C78A49600CA256C /* XCRemoteSwiftPackageReference "WalletConnectSwiftV2" */;
			productName = WalletConnectAuth;
		};
		9EAD8DEC2C78A49600CA256C /* WalletConnectChat */ = {
			isa = XCSwiftPackageProductDependency;
			package = 9EAD8DE72C78A49600CA256C /* XCRemoteSwiftPackageReference "WalletConnectSwiftV2" */;
			productName = WalletConnectChat;
		};
		9EAD8DEE2C78A49600CA256C /* WalletConnectEcho */ = {
			isa = XCSwiftPackageProductDependency;
			package = 9EAD8DE72C78A49600CA256C /* XCRemoteSwiftPackageReference "WalletConnectSwiftV2" */;
			productName = WalletConnectEcho;
		};
		9EAD8DF02C78A49600CA256C /* WalletConnectNetworking */ = {
			isa = XCSwiftPackageProductDependency;
			package = 9EAD8DE72C78A49600CA256C /* XCRemoteSwiftPackageReference "WalletConnectSwiftV2" */;
			productName = WalletConnectNetworking;
		};
		9EAD8DFA2C78ABED00CA256C /* Kingfisher */ = {
			isa = XCSwiftPackageProductDependency;
			package = 9EAD8DF92C78ABED00CA256C /* XCRemoteSwiftPackageReference "Kingfisher" */;
			productName = Kingfisher;
		};
/* End XCSwiftPackageProductDependency section */
	};
	rootObject = 9EAD8DB22C78A1A300CA256C /* Project object */;
}
